
Microsoft Visual Studio Solution File, Format Version 12.00
# Visual Studio Version 16
VisualStudioVersion = 16.0.30413.136
MinimumVisualStudioVersion = 10.0.40219.1
Project("{FAE04EC0-301F-11D3-BF4B-00C04F79EFBC}") = "PetPooja", "PetPooja\PetPooja.csproj", "{962A8BE1-746B-4FE5-AD81-F4FCB4965A99}"
EndProject
Global
	GlobalSection(SolutionConfigurationPlatforms) = preSolution
		Debug|Any CPU = Debug|Any CPU
		Release|Any CPU = Release|Any CPU
	EndGlobalSection
	GlobalSection(ProjectConfigurationPlatforms) = postSolution
		{962A8BE1-746B-4FE5-AD81-F4FCB4965A99}.Debug|Any CPU.ActiveCfg = Debug|Any CPU
		{962A8BE1-746B-4FE5-AD81-F4FCB4965A99}.Debug|Any CPU.Build.0 = Debug|Any CPU
		{962A8BE1-746B-4FE5-AD81-F4FCB4965A99}.Release|Any CPU.ActiveCfg = Release|Any CPU
		{962A8BE1-746B-4FE5-AD81-F4FCB4965A99}.Release|Any CPU.Build.0 = Release|Any CPU
	EndGlobalSection
	GlobalSection(SolutionProperties) = preSolution
		HideSolutionNode = FALSE
	EndGlobalSection
	GlobalSection(ExtensibilityGlobals) = postSolution
		SolutionGuid = {EE22FA7C-7D9D-44BE-BAF2-4AAEF0E6D432}
	EndGlobalSection
EndGlobal
